<?xml version="1.0" encoding="utf-8"?>
<Project ToolsVersion="4.0" xmlns="http://schemas.microsoft.com/developer/msbuild/2003">
  <ItemGroup>
    <Filter Include="Source Files">
      <UniqueIdentifier>{4FC737F1-C7A5-4376-A066-2A32D752A2FF}</UniqueIdentifier>
      <Extensions>cpp;c;cc;cxx;def;odl;idl;hpj;bat;asm;asmx</Extensions>
    </Filter>
    <Filter Include="Header Files">
      <UniqueIdentifier>{93995380-89BD-4b04-88EB-625FBE52EBFB}</UniqueIdentifier>
      <Extensions>h;hpp;hxx;hm;inl;inc;xsd</Extensions>
    </Filter>
    <Filter Include="Resource Files">
      <UniqueIdentifier>{67DA6AB6-F800-4c08-8B7A-83BB121AAD01}</UniqueIdentifier>
      <Extensions>rc;ico;cur;bmp;dlg;rc2;rct;bin;rgs;gif;jpg;jpeg;jpe;resx;tiff;tif;png;wav;mfcribbon-ms</Extensions>
    </Filter>
    <Filter Include="Header Files\Tokens">
      <UniqueIdentifier>{0e56ac16-e434-480e-b8cb-6cae85522281}</UniqueIdentifier>
    </Filter>
    <Filter Include="Header Files\Lexer">
      <UniqueIdentifier>{6bcfca7c-6430-42bf-8491-5f9d0a44f222}</UniqueIdentifier>
    </Filter>
    <Filter Include="Source Files\Lexer">
      <UniqueIdentifier>{6645e705-0876-42b9-b7eb-92186ec03896}</UniqueIdentifier>
    </Filter>
    <Filter Include="Source Files\Tokens">
      <UniqueIdentifier>{e2a1cb45-697d-4f05-bdce-fb50b0adc64e}</UniqueIdentifier>
    </Filter>
  </ItemGroup>
  <ItemGroup>
    <Text Include="ReadMe.txt" />
  </ItemGroup>
  <ItemGroup>
    <ClInclude Include="Token.h">
      <Filter>Header Files\Tokens</Filter>
    </ClInclude>
    <ClInclude Include="TokenNames.h">
      <Filter>Header Files\Tokens</Filter>
    </ClInclude>
    <ClInclude Include="TokenType.h">
      <Filter>Header Files\Tokens</Filter>
    </ClInclude>
    <ClInclude Include="CPMLexerFactory.h">
      <Filter>Header Files\Lexer</Filter>
    </ClInclude>
    <ClInclude Include="Lexer.h">
      <Filter>Header Files\Lexer</Filter>
    </ClInclude>
  </ItemGroup>
  <ItemGroup>
    <ClCompile Include="CPMLexerFactory.cpp">
      <Filter>Source Files\Lexer</Filter>
    </ClCompile>
    <ClCompile Include="Lexer.cpp">
      <Filter>Source Files\Lexer</Filter>
    </ClCompile>
    <ClCompile Include="Token.cpp">
      <Filter>Source Files\Tokens</Filter>
    </ClCompile>
    <ClCompile Include="TokenType.cpp">
      <Filter>Source Files\Tokens</Filter>
    </ClCompile>
  </ItemGroup>
</Project>